
Microsoft Visual Studio Solution File, Format Version 12.00
# Visual Studio Version 17
VisualStudioVersion = 17.6.33723.286
MinimumVisualStudioVersion = 10.0.40219.1
Project("{FAE04EC0-301F-11D3-BF4B-00C04F79EFBC}") = "AdoNetMySqlExample", "AdoNetMySqlExample\AdoNetMySqlExample.csproj", "{A096DA2D-1F8D-415B-B855-CFF07A0FCEC4}"
EndProject
Project("{FAE04EC0-301F-11D3-BF4B-00C04F79EFBC}") = "DataAccess", "DataAccess\DataAccess.csproj", "{8A251E32-AABD-48A4-9BF2-853BEEBA917A}"
EndProject
Global
	GlobalSection(SolutionConfigurationPlatforms) = preSolution
		Debug|Any CPU = Debug|Any CPU
		Release|Any CPU = Release|Any CPU
	EndGlobalSection
	GlobalSection(ProjectConfigurationPlatforms) = postSolution
		{A096DA2D-1F8D-415B-B855-CFF07A0FCEC4}.Debug|Any CPU.ActiveCfg = Debug|Any CPU
		{A096DA2D-1F8D-415B-B855-CFF07A0FCEC4}.Debug|Any CPU.Build.0 = Debug|Any CPU
		{A096DA2D-1F8D-415B-B855-CFF07A0FCEC4}.Release|Any CPU.ActiveCfg = Release|Any CPU
		{A096DA2D-1F8D-415B-B855-CFF07A0FCEC4}.Release|Any CPU.Build.0 = Release|Any CPU
		{8A251E32-AABD-48A4-9BF2-853BEEBA917A}.Debug|Any CPU.ActiveCfg = Debug|Any CPU
		{8A251E32-AABD-48A4-9BF2-853BEEBA917A}.Debug|Any CPU.Build.0 = Debug|Any CPU
		{8A251E32-AABD-48A4-9BF2-853BEEBA917A}.Release|Any CPU.ActiveCfg = Release|Any CPU
		{8A251E32-AABD-48A4-9BF2-853BEEBA917A}.Release|Any CPU.Build.0 = Release|Any CPU
	EndGlobalSection
	GlobalSection(SolutionProperties) = preSolution
		HideSolutionNode = FALSE
	EndGlobalSection
	GlobalSection(ExtensibilityGlobals) = postSolution
		SolutionGuid = {82C236C2-0B6B-4377-9902-5EEC53DA6DF0}
	EndGlobalSection
EndGlobal
