
Microsoft Visual Studio Solution File, Format Version 12.00
# Visual Studio Version 17
VisualStudioVersion = 17.6.33723.286
MinimumVisualStudioVersion = 10.0.40219.1
Project("{9A19103F-16F7-4668-BE54-9A1E7A4F7556}") = "ExampleInterfaces", "ExampleInterfaces\ExampleInterfaces.csproj", "{4228BBD8-1840-4030-B51B-76E71296B25C}"
EndProject
Project("{FAE04EC0-301F-11D3-BF4B-00C04F79EFBC}") = "IEnumerableStoreExample", "IEnumerableStoreExample\IEnumerableStoreExample.csproj", "{62DA2BF5-BD32-4339-9A0A-49A0D4ECD98D}"
EndProject
Global
	GlobalSection(SolutionConfigurationPlatforms) = preSolution
		Debug|Any CPU = Debug|Any CPU
		Release|Any CPU = Release|Any CPU
	EndGlobalSection
	GlobalSection(ProjectConfigurationPlatforms) = postSolution
		{4228BBD8-1840-4030-B51B-76E71296B25C}.Debug|Any CPU.ActiveCfg = Debug|Any CPU
		{4228BBD8-1840-4030-B51B-76E71296B25C}.Debug|Any CPU.Build.0 = Debug|Any CPU
		{4228BBD8-1840-4030-B51B-76E71296B25C}.Release|Any CPU.ActiveCfg = Release|Any CPU
		{4228BBD8-1840-4030-B51B-76E71296B25C}.Release|Any CPU.Build.0 = Release|Any CPU
		{62DA2BF5-BD32-4339-9A0A-49A0D4ECD98D}.Debug|Any CPU.ActiveCfg = Debug|Any CPU
		{62DA2BF5-BD32-4339-9A0A-49A0D4ECD98D}.Debug|Any CPU.Build.0 = Debug|Any CPU
		{62DA2BF5-BD32-4339-9A0A-49A0D4ECD98D}.Release|Any CPU.ActiveCfg = Release|Any CPU
		{62DA2BF5-BD32-4339-9A0A-49A0D4ECD98D}.Release|Any CPU.Build.0 = Release|Any CPU
	EndGlobalSection
	GlobalSection(SolutionProperties) = preSolution
		HideSolutionNode = FALSE
	EndGlobalSection
	GlobalSection(ExtensibilityGlobals) = postSolution
		SolutionGuid = {0E680113-2EAE-46CC-BE3C-380164EF2F71}
	EndGlobalSection
EndGlobal
