
Microsoft Visual Studio Solution File, Format Version 12.00
# Visual Studio Version 17
VisualStudioVersion = 17.6.33723.286
MinimumVisualStudioVersion = 10.0.40219.1
Project("{FAE04EC0-301F-11D3-BF4B-00C04F79EFBC}") = "SQLiteExample", "SQLiteExample\SQLiteExample.csproj", "{53028014-8713-4405-94D6-BDB7389F6BE5}"
EndProject
Global
	GlobalSection(SolutionConfigurationPlatforms) = preSolution
		Debug|Any CPU = Debug|Any CPU
		Release|Any CPU = Release|Any CPU
	EndGlobalSection
	GlobalSection(ProjectConfigurationPlatforms) = postSolution
		{53028014-8713-4405-94D6-BDB7389F6BE5}.Debug|Any CPU.ActiveCfg = Debug|Any CPU
		{53028014-8713-4405-94D6-BDB7389F6BE5}.Debug|Any CPU.Build.0 = Debug|Any CPU
		{53028014-8713-4405-94D6-BDB7389F6BE5}.Release|Any CPU.ActiveCfg = Release|Any CPU
		{53028014-8713-4405-94D6-BDB7389F6BE5}.Release|Any CPU.Build.0 = Release|Any CPU
	EndGlobalSection
	GlobalSection(SolutionProperties) = preSolution
		HideSolutionNode = FALSE
	EndGlobalSection
	GlobalSection(ExtensibilityGlobals) = postSolution
		SolutionGuid = {4E157D39-9710-49E9-A4DE-4CADF46331BA}
	EndGlobalSection
EndGlobal
