
Microsoft Visual Studio Solution File, Format Version 12.00
# Visual Studio Version 17
VisualStudioVersion = 17.6.33829.357
MinimumVisualStudioVersion = 10.0.40219.1
Project("{9A19103F-16F7-4668-BE54-9A1E7A4F7556}") = "ThreadSample", "ThreadSample\ThreadSample.csproj", "{660B73DF-B456-4451-85AB-204CA04C8760}"
EndProject
Project("{9A19103F-16F7-4668-BE54-9A1E7A4F7556}") = "ThreadPoolSample", "ThreadPoolSample\ThreadPoolSample.csproj", "{4F18B24F-E7F0-4B7B-AD66-90AAF79FCC0A}"
EndProject
Project("{FAE04EC0-301F-11D3-BF4B-00C04F79EFBC}") = "ThreadSample2", "ThreadSample2\ThreadSample2.csproj", "{23F666EE-24DC-4891-90E9-850AD7366DB3}"
EndProject
Global
	GlobalSection(SolutionConfigurationPlatforms) = preSolution
		Debug|Any CPU = Debug|Any CPU
		Release|Any CPU = Release|Any CPU
	EndGlobalSection
	GlobalSection(ProjectConfigurationPlatforms) = postSolution
		{660B73DF-B456-4451-85AB-204CA04C8760}.Debug|Any CPU.ActiveCfg = Debug|Any CPU
		{660B73DF-B456-4451-85AB-204CA04C8760}.Debug|Any CPU.Build.0 = Debug|Any CPU
		{660B73DF-B456-4451-85AB-204CA04C8760}.Release|Any CPU.ActiveCfg = Release|Any CPU
		{660B73DF-B456-4451-85AB-204CA04C8760}.Release|Any CPU.Build.0 = Release|Any CPU
		{4F18B24F-E7F0-4B7B-AD66-90AAF79FCC0A}.Debug|Any CPU.ActiveCfg = Debug|Any CPU
		{4F18B24F-E7F0-4B7B-AD66-90AAF79FCC0A}.Debug|Any CPU.Build.0 = Debug|Any CPU
		{4F18B24F-E7F0-4B7B-AD66-90AAF79FCC0A}.Release|Any CPU.ActiveCfg = Release|Any CPU
		{4F18B24F-E7F0-4B7B-AD66-90AAF79FCC0A}.Release|Any CPU.Build.0 = Release|Any CPU
		{23F666EE-24DC-4891-90E9-850AD7366DB3}.Debug|Any CPU.ActiveCfg = Debug|Any CPU
		{23F666EE-24DC-4891-90E9-850AD7366DB3}.Debug|Any CPU.Build.0 = Debug|Any CPU
		{23F666EE-24DC-4891-90E9-850AD7366DB3}.Release|Any CPU.ActiveCfg = Release|Any CPU
		{23F666EE-24DC-4891-90E9-850AD7366DB3}.Release|Any CPU.Build.0 = Release|Any CPU
	EndGlobalSection
	GlobalSection(SolutionProperties) = preSolution
		HideSolutionNode = FALSE
	EndGlobalSection
	GlobalSection(ExtensibilityGlobals) = postSolution
		SolutionGuid = {51971620-56DD-4249-9033-1173E75CA698}
	EndGlobalSection
EndGlobal
